
Microsoft Visual Studio Solution File, Format Version 12.00
# Visual Studio Version 16
VisualStudioVersion = 16.0.31129.286
MinimumVisualStudioVersion = 10.0.40219.1
Project("{FAE04EC0-301F-11D3-BF4B-00C04F79EFBC}") = "Phone", "Phone\Phone.csproj", "{DE188521-FD47-4809-80E3-9FA1A9656274}"
EndProject
Global
	GlobalSection(SolutionConfigurationPlatforms) = preSolution
		Debug|Any CPU = Debug|Any CPU
		Release|Any CPU = Release|Any CPU
	EndGlobalSection
	GlobalSection(ProjectConfigurationPlatforms) = postSolution
		{DE188521-FD47-4809-80E3-9FA1A9656274}.Debug|Any CPU.ActiveCfg = Debug|Any CPU
		{DE188521-FD47-4809-80E3-9FA1A9656274}.Debug|Any CPU.Build.0 = Debug|Any CPU
		{DE188521-FD47-4809-80E3-9FA1A9656274}.Release|Any CPU.ActiveCfg = Release|Any CPU
		{DE188521-FD47-4809-80E3-9FA1A9656274}.Release|Any CPU.Build.0 = Release|Any CPU
	EndGlobalSection
	GlobalSection(SolutionProperties) = preSolution
		HideSolutionNode = FALSE
	EndGlobalSection
	GlobalSection(ExtensibilityGlobals) = postSolution
		SolutionGuid = {6D826EF8-183F-4B8D-903A-00DB2A990919}
	EndGlobalSection
EndGlobal
